
Microsoft Visual Studio Solution File, Format Version 12.00
# Visual Studio Version 17
VisualStudioVersion = 17.0.32112.339
MinimumVisualStudioVersion = 10.0.40219.1
Project("{8BC9CEB8-8B4A-11D0-8D11-00A0C91BC942}") = "Лабораторная работа №3 (Задание 16)", "Лабораторная работа №3 (Задание 16)\Лабораторная работа №3 (Задание 16).vcxproj", "{55B40633-35F0-469F-AEAC-46514E91C9E7}"
EndProject
Global
	GlobalSection(SolutionConfigurationPlatforms) = preSolution
		Debug|x64 = Debug|x64
		Debug|x86 = Debug|x86
		Release|x64 = Release|x64
		Release|x86 = Release|x86
	EndGlobalSection
	GlobalSection(ProjectConfigurationPlatforms) = postSolution
		{55B40633-35F0-469F-AEAC-46514E91C9E7}.Debug|x64.ActiveCfg = Debug|x64
		{55B40633-35F0-469F-AEAC-46514E91C9E7}.Debug|x64.Build.0 = Debug|x64
		{55B40633-35F0-469F-AEAC-46514E91C9E7}.Debug|x86.ActiveCfg = Debug|Win32
		{55B40633-35F0-469F-AEAC-46514E91C9E7}.Debug|x86.Build.0 = Debug|Win32
		{55B40633-35F0-469F-AEAC-46514E91C9E7}.Release|x64.ActiveCfg = Release|x64
		{55B40633-35F0-469F-AEAC-46514E91C9E7}.Release|x64.Build.0 = Release|x64
		{55B40633-35F0-469F-AEAC-46514E91C9E7}.Release|x86.ActiveCfg = Release|Win32
		{55B40633-35F0-469F-AEAC-46514E91C9E7}.Release|x86.Build.0 = Release|Win32
	EndGlobalSection
	GlobalSection(SolutionProperties) = preSolution
		HideSolutionNode = FALSE
	EndGlobalSection
	GlobalSection(ExtensibilityGlobals) = postSolution
		SolutionGuid = {983DB317-4322-4DD0-97FD-A865A4FF4111}
	EndGlobalSection
EndGlobal
